
Microsoft Visual Studio Solution File, Format Version 12.00
# Visual Studio 15
VisualStudioVersion = 15.0.28307.757
MinimumVisualStudioVersion = 10.0.40219.1
Project("{FAE04EC0-301F-11D3-BF4B-00C04F79EFBC}") = "CharaAnimeAI", "CharaAnime\CharaAnimeAI.csproj", "{785CF0D7-4390-446C-A42C-F4D1ADD7E22A}"
EndProject
Project("{FAE04EC0-301F-11D3-BF4B-00C04F79EFBC}") = "CharaAnimeHS2", "CharaAnimeHS2\CharaAnimeHS2.csproj", "{BA663B75-A52E-4714-B7A0-E1D184A79A58}"
EndProject
Project("{FAE04EC0-301F-11D3-BF4B-00C04F79EFBC}") = "CharaAnimeKK", "CharaAnimeKK\CharaAnimeKK.csproj", "{86B54792-5D92-40D3-8108-F5428702BDDB}"
EndProject
Global
	GlobalSection(SolutionConfigurationPlatforms) = preSolution
		Debug|Any CPU = Debug|Any CPU
		Release|Any CPU = Release|Any CPU
	EndGlobalSection
	GlobalSection(ProjectConfigurationPlatforms) = postSolution
		{785CF0D7-4390-446C-A42C-F4D1ADD7E22A}.Debug|Any CPU.ActiveCfg = Debug|Any CPU
		{785CF0D7-4390-446C-A42C-F4D1ADD7E22A}.Debug|Any CPU.Build.0 = Debug|Any CPU
		{785CF0D7-4390-446C-A42C-F4D1ADD7E22A}.Release|Any CPU.ActiveCfg = Release|Any CPU
		{785CF0D7-4390-446C-A42C-F4D1ADD7E22A}.Release|Any CPU.Build.0 = Release|Any CPU
		{BA663B75-A52E-4714-B7A0-E1D184A79A58}.Debug|Any CPU.ActiveCfg = Debug|Any CPU
		{BA663B75-A52E-4714-B7A0-E1D184A79A58}.Debug|Any CPU.Build.0 = Debug|Any CPU
		{BA663B75-A52E-4714-B7A0-E1D184A79A58}.Release|Any CPU.ActiveCfg = Release|Any CPU
		{BA663B75-A52E-4714-B7A0-E1D184A79A58}.Release|Any CPU.Build.0 = Release|Any CPU
		{86B54792-5D92-40D3-8108-F5428702BDDB}.Debug|Any CPU.ActiveCfg = Debug|Any CPU
		{86B54792-5D92-40D3-8108-F5428702BDDB}.Debug|Any CPU.Build.0 = Debug|Any CPU
		{86B54792-5D92-40D3-8108-F5428702BDDB}.Release|Any CPU.ActiveCfg = Release|Any CPU
		{86B54792-5D92-40D3-8108-F5428702BDDB}.Release|Any CPU.Build.0 = Release|Any CPU
	EndGlobalSection
	GlobalSection(SolutionProperties) = preSolution
		HideSolutionNode = FALSE
	EndGlobalSection
	GlobalSection(ExtensibilityGlobals) = postSolution
		SolutionGuid = {0B7069C1-CC8C-4DA1-8ADF-13BE4CAF34EF}
	EndGlobalSection
EndGlobal
